
Microsoft Visual Studio Solution File, Format Version 12.00
# Visual Studio Version 17
VisualStudioVersion = 17.7.34024.191
MinimumVisualStudioVersion = 10.0.40219.1
Project("{FAE04EC0-301F-11D3-BF4B-00C04F79EFBC}") = "ConferenceRoomBookingSystem", "ConferenceRoomBookingSystem.csproj", "{1C550DF0-AD2F-4624-BBC1-8B5DB4A0D2E7}"
EndProject
Global
	GlobalSection(SolutionConfigurationPlatforms) = preSolution
		Debug|Any CPU = Debug|Any CPU
		Release|Any CPU = Release|Any CPU
	EndGlobalSection
	GlobalSection(ProjectConfigurationPlatforms) = postSolution
		{1C550DF0-AD2F-4624-BBC1-8B5DB4A0D2E7}.Debug|Any CPU.ActiveCfg = Debug|Any CPU
		{1C550DF0-AD2F-4624-BBC1-8B5DB4A0D2E7}.Debug|Any CPU.Build.0 = Debug|Any CPU
		{1C550DF0-AD2F-4624-BBC1-8B5DB4A0D2E7}.Release|Any CPU.ActiveCfg = Release|Any CPU
		{1C550DF0-AD2F-4624-BBC1-8B5DB4A0D2E7}.Release|Any CPU.Build.0 = Release|Any CPU
	EndGlobalSection
	GlobalSection(SolutionProperties) = preSolution
		HideSolutionNode = FALSE
	EndGlobalSection
	GlobalSection(ExtensibilityGlobals) = postSolution
		SolutionGuid = {3354C020-8AAC-459E-80A8-F987B4DD337D}
	EndGlobalSection
EndGlobal
